{
  "name": "truestamp-example",
  "version": "1.0.0",
  "lockfileVersion": 1,
  "requires": true,
  "dependencies": {
    "@truestamp/truestamp-js": {
      "version": "0.0.3",
      "resolved": "https://registry.npmjs.org/@truestamp/truestamp-js/-/truestamp-js-0.0.3.tgz",
      "integrity": "sha512-ePl6bwKps6WCXF+46BPSkgl/566h0237a0Oky8hPVYOe/dBcSTde3EBB61KQ3JqQpkmpsh0kDWMDhf/ZOp56ig=="
    }
  }
}
